// !$*UTF8*$!
{
	archiveVersion = 1;
	classes = {
	};
	objectVersion = 46;
	objects = {

/* Begin PBXBuildFile section */
		BF239BB31DC27DB300920491 /* CardGameController.swift in Sources */ = {isa = PBXBuildFile; fileRef = BF239BB21DC27DB300920491 /* CardGameController.swift */; };
		BF6BAE451DBFE3EF001FEF06 /* AppDelegate.swift in Sources */ = {isa = PBXBuildFile; fileRef = BF6BAE441DBFE3EF001FEF06 /* AppDelegate.swift */; };
		BF6BAE4A1DBFE3EF001FEF06 /* Main.storyboard in Resources */ = {isa = PBXBuildFile; fileRef = BF6BAE481DBFE3EF001FEF06 /* Main.storyboard */; };
		BF6BAE4C1DBFE3EF001FEF06 /* Assets.xcassets in Resources */ = {isa = PBXBuildFile; fileRef = BF6BAE4B1DBFE3EF001FEF06 /* Assets.xcassets */; };
		BF6BAE4F1DBFE3EF001FEF06 /* LaunchScreen.storyboard in Resources */ = {isa = PBXBuildFile; fileRef = BF6BAE4D1DBFE3EF001FEF06 /* LaunchScreen.storyboard */; };
		BF6BAE571DBFE5D0001FEF06 /* Card.swift in Sources */ = {isa = PBXBuildFile; fileRef = BF6BAE561DBFE5D0001FEF06 /* Card.swift */; };
		BF6BAE591DBFE5FA001FEF06 /* PlayingCard.swift in Sources */ = {isa = PBXBuildFile; fileRef = BF6BAE581DBFE5FA001FEF06 /* PlayingCard.swift */; };
/* End PBXBuildFile section */

/* Begin PBXFileReference section */
		BF239BB21DC27DB300920491 /* CardGameController.swift */ = {isa = PBXFileReference; fileEncoding = 4; lastKnownFileType = sourcecode.swift; name = CardGameController.swift; path = Controller/CardGameController.swift; sourceTree = "<group>"; };
		BF6BAE411DBFE3EF001FEF06 /* CardGame.app */ = {isa = PBXFileReference; explicitFileType = wrapper.application; includeInIndex = 0; path = CardGame.app; sourceTree = BUILT_PRODUCTS_DIR; };
		BF6BAE441DBFE3EF001FEF06 /* AppDelegate.swift */ = {isa = PBXFileReference; lastKnownFileType = sourcecode.swift; path = AppDelegate.swift; sourceTree = "<group>"; };
		BF6BAE491DBFE3EF001FEF06 /* Base */ = {isa = PBXFileReference; lastKnownFileType = file.storyboard; name = Base; path = Base.lproj/Main.storyboard; sourceTree = "<group>"; };
		BF6BAE4B1DBFE3EF001FEF06 /* Assets.xcassets */ = {isa = PBXFileReference; lastKnownFileType = folder.assetcatalog; path = Assets.xcassets; sourceTree = "<group>"; };
		BF6BAE4E1DBFE3EF001FEF06 /* Base */ = {isa = PBXFileReference; lastKnownFileType = file.storyboard; name = Base; path = Base.lproj/LaunchScreen.storyboard; sourceTree = "<group>"; };
		BF6BAE501DBFE3EF001FEF06 /* Info.plist */ = {isa = PBXFileReference; lastKnownFileType = text.plist.xml; path = Info.plist; sourceTree = "<group>"; };
		BF6BAE561DBFE5D0001FEF06 /* Card.swift */ = {isa = PBXFileReference; fileEncoding = 4; lastKnownFileType = sourcecode.swift; name = Card.swift; path = Model/Card.swift; sourceTree = "<group>"; };
		BF6BAE581DBFE5FA001FEF06 /* PlayingCard.swift */ = {isa = PBXFileReference; fileEncoding = 4; lastKnownFileType = sourcecode.swift; name = PlayingCard.swift; path = Model/PlayingCard.swift; sourceTree = "<group>"; };
/* End PBXFileReference section */

/* Begin PBXFrameworksBuildPhase section */
		BF6BAE3E1DBFE3EF001FEF06 /* Frameworks */ = {
			isa = PBXFrameworksBuildPhase;
			buildActionMask = 2147483647;
			files = (
			);
			runOnlyForDeploymentPostprocessing = 0;
		};
/* End PBXFrameworksBuildPhase section */

/* Begin PBXGroup section */
		BF239BB41DC27DED00920491 /* Controller */ = {
			isa = PBXGroup;
			children = (
				BF239BB21DC27DB300920491 /* CardGameController.swift */,
			);
			name = Controller;
			sourceTree = "<group>";
		};
		BF6BAE381DBFE3EF001FEF06 = {
			isa = PBXGroup;
			children = (
				BF6BAE431DBFE3EF001FEF06 /* CardGame */,
				BF6BAE421DBFE3EF001FEF06 /* Products */,
			);
			sourceTree = "<group>";
		};
		BF6BAE421DBFE3EF001FEF06 /* Products */ = {
			isa = PBXGroup;
			children = (
				BF6BAE411DBFE3EF001FEF06 /* CardGame.app */,
			);
			name = Products;
			sourceTree = "<group>";
		};
		BF6BAE431DBFE3EF001FEF06 /* CardGame */ = {
			isa = PBXGroup;
			children = (
				BF6BAE441DBFE3EF001FEF06 /* AppDelegate.swift */,
				BF6BAE5B1DBFE686001FEF06 /* View */,
				BF6BAE501DBFE3EF001FEF06 /* Info.plist */,
				BF6BAE5A1DBFE662001FEF06 /* Model */,
				BF239BB41DC27DED00920491 /* Controller */,
			);
			path = CardGame;
			sourceTree = "<group>";
		};
		BF6BAE5A1DBFE662001FEF06 /* Model */ = {
			isa = PBXGroup;
			children = (
				BF6BAE561DBFE5D0001FEF06 /* Card.swift */,
				BF6BAE581DBFE5FA001FEF06 /* PlayingCard.swift */,
			);
			name = Model;
			sourceTree = "<group>";
		};
		BF6BAE5B1DBFE686001FEF06 /* View */ = {
			isa = PBXGroup;
			children = (
				BF6BAE481DBFE3EF001FEF06 /* Main.storyboard */,
				BF6BAE4B1DBFE3EF001FEF06 /* Assets.xcassets */,
				BF6BAE4D1DBFE3EF001FEF06 /* LaunchScreen.storyboard */,
			);
			name = View;
			sourceTree = "<group>";
		};
/* End PBXGroup section */

/* Begin PBXNativeTarget section */
		BF6BAE401DBFE3EF001FEF06 /* CardGame */ = {
			isa = PBXNativeTarget;
			buildConfigurationList = BF6BAE531DBFE3EF001FEF06 /* Build configuration list for PBXNativeTarget "CardGame" */;
			buildPhases = (
				BF6BAE3D1DBFE3EF001FEF06 /* Sources */,
				BF6BAE3E1DBFE3EF001FEF06 /* Frameworks */,
				BF6BAE3F1DBFE3EF001FEF06 /* Resources */,
			);
			buildRules = (
			);
			dependencies = (
			);
			name = CardGame;
			productName = CardGame;
			productReference = BF6BAE411DBFE3EF001FEF06 /* CardGame.app */;
			productType = "com.apple.product-type.application";
		};
/* End PBXNativeTarget section */

/* Begin PBXProject section */
		BF6BAE391DBFE3EF001FEF06 /* Project object */ = {
			isa = PBXProject;
			attributes = {
				LastSwiftUpdateCheck = 0720;
				LastUpgradeCheck = 0720;
				ORGANIZATIONNAME = "Hill, Isaac";
				TargetAttributes = {
					BF6BAE401DBFE3EF001FEF06 = {
						CreatedOnToolsVersion = 7.2;
					};
				};
			};
			buildConfigurationList = BF6BAE3C1DBFE3EF001FEF06 /* Build configuration list for PBXProject "CardGame" */;
			compatibilityVersion = "Xcode 3.2";
			developmentRegion = English;
			hasScannedForEncodings = 0;
			knownRegions = (
				en,
				Base,
			);
			mainGroup = BF6BAE381DBFE3EF001FEF06;
			productRefGroup = BF6BAE421DBFE3EF001FEF06 /* Products */;
			projectDirPath = "";
			projectRoot = "";
			targets = (
				BF6BAE401DBFE3EF001FEF06 /* CardGame */,
			);
		};
/* End PBXProject section */

/* Begin PBXResourcesBuildPhase section */
		BF6BAE3F1DBFE3EF001FEF06 /* Resources */ = {
			isa = PBXResourcesBuildPhase;
			buildActionMask = 2147483647;
			files = (
				BF6BAE4F1DBFE3EF001FEF06 /* LaunchScreen.storyboard in Resources */,
				BF6BAE4C1DBFE3EF001FEF06 /* Assets.xcassets in Resources */,
				BF6BAE4A1DBFE3EF001FEF06 /* Main.storyboard in Resources */,
			);
			runOnlyForDeploymentPostprocessing = 0;
		};
/* End PBXResourcesBuildPhase section */

/* Begin PBXSourcesBuildPhase section */
		BF6BAE3D1DBFE3EF001FEF06 /* Sources */ = {
			isa = PBXSourcesBuildPhase;
			buildActionMask = 2147483647;
			files = (
				BF6BAE571DBFE5D0001FEF06 /* Card.swift in Sources */,
				BF6BAE591DBFE5FA001FEF06 /* PlayingCard.swift in Sources */,
				BF6BAE451DBFE3EF001FEF06 /* AppDelegate.swift in Sources */,
				BF239BB31DC27DB300920491 /* CardGameController.swift in Sources */,
			);
			runOnlyForDeploymentPostprocessing = 0;
		};
/* End PBXSourcesBuildPhase section */

/* Begin PBXVariantGroup section */
		BF6BAE481DBFE3EF001FEF06 /* Main.storyboard */ = {
			isa = PBXVariantGroup;
			children = (
				BF6BAE491DBFE3EF001FEF06 /* Base */,
			);
			name = Main.storyboard;
			sourceTree = "<group>";
		};
		BF6BAE4D1DBFE3EF001FEF06 /* LaunchScreen.storyboard */ = {
			isa = PBXVariantGroup;
			children = (
				BF6BAE4E1DBFE3EF001FEF06 /* Base */,
			);
			name = LaunchScreen.storyboard;
			sourceTree = "<group>";
		};
/* End PBXVariantGroup section */

/* Begin XCBuildConfiguration section */
		BF6BAE511DBFE3EF001FEF06 /* Debug */ = {
			isa = XCBuildConfiguration;
			buildSettings = {
				ALWAYS_SEARCH_USER_PATHS = NO;
				CLANG_CXX_LANGUAGE_STANDARD = "gnu++0x";
				CLANG_CXX_LIBRARY = "libc++";
				CLANG_ENABLE_MODULES = YES;
				CLANG_ENABLE_OBJC_ARC = YES;
				CLANG_WARN_BOOL_CONVERSION = YES;
				CLANG_WARN_CONSTANT_CONVERSION = YES;
				CLANG_WARN_DIRECT_OBJC_ISA_USAGE = YES_ERROR;
				CLANG_WARN_EMPTY_BODY = YES;
				CLANG_WARN_ENUM_CONVERSION = YES;
				CLANG_WARN_INT_CONVERSION = YES;
				CLANG_WARN_OBJC_ROOT_CLASS = YES_ERROR;
				CLANG_WARN_UNREACHABLE_CODE = YES;
				CLANG_WARN__DUPLICATE_METHOD_MATCH = YES;
				"CODE_SIGN_IDENTITY[sdk=iphoneos*]" = "iPhone Developer";
				COPY_PHASE_STRIP = NO;
				DEBUG_INFORMATION_FORMAT = dwarf;
				ENABLE_STRICT_OBJC_MSGSEND = YES;
				ENABLE_TESTABILITY = YES;
				GCC_C_LANGUAGE_STANDARD = gnu99;
				GCC_DYNAMIC_NO_PIC = NO;
				GCC_NO_COMMON_BLOCKS = YES;
				GCC_OPTIMIZATION_LEVEL = 0;
				GCC_PREPROCESSOR_DEFINITIONS = (
					"DEBUG=1",
					"$(inherited)",
				);
				GCC_WARN_64_TO_32_BIT_CONVERSION = YES;
				GCC_WARN_ABOUT_RETURN_TYPE = YES_ERROR;
				GCC_WARN_UNDECLARED_SELECTOR = YES;
				GCC_WARN_UNINITIALIZED_AUTOS = YES_AGGRESSIVE;
				GCC_WARN_UNUSED_FUNCTION = YES;
				GCC_WARN_UNUSED_VARIABLE = YES;
				IPHONEOS_DEPLOYMENT_TARGET = 9.2;
				MTL_ENABLE_DEBUG_INFO = YES;
				ONLY_ACTIVE_ARCH = YES;
				SDKROOT = iphoneos;
				SWIFT_OPTIMIZATION_LEVEL = "-Onone";
				TARGETED_DEVICE_FAMILY = "1,2";
			};
			name = Debug;
		};
		BF6BAE521DBFE3EF001FEF06 /* Release */ = {
			isa = XCBuildConfiguration;
			buildSettings = {
				ALWAYS_SEARCH_USER_PATHS = NO;
				CLANG_CXX_LANGUAGE_STANDARD = "gnu++0x";
				CLANG_CXX_LIBRARY = "libc++";
				CLANG_ENABLE_MODULES = YES;
				CLANG_ENABLE_OBJC_ARC = YES;
				CLANG_WARN_BOOL_CONVERSION = YES;
				CLANG_WARN_CONSTANT_CONVERSION = YES;
				CLANG_WARN_DIRECT_OBJC_ISA_USAGE = YES_ERROR;
				CLANG_WARN_EMPTY_BODY = YES;
				CLANG_WARN_ENUM_CONVERSION = YES;
				CLANG_WARN_INT_CONVERSION = YES;
				CLANG_WARN_OBJC_ROOT_CLASS = YES_ERROR;
				CLANG_WARN_UNREACHABLE_CODE = YES;
				CLANG_WARN__DUPLICATE_METHOD_MATCH = YES;
				"CODE_SIGN_IDENTITY[sdk=iphoneos*]" = "iPhone Developer";
				COPY_PHASE_STRIP = NO;
				DEBUG_INFORMATION_FORMAT = "dwarf-with-dsym";
				ENABLE_NS_ASSERTIONS = NO;
				ENABLE_STRICT_OBJC_MSGSEND = YES;
				GCC_C_LANGUAGE_STANDARD = gnu99;
				GCC_NO_COMMON_BLOCKS = YES;
				GCC_WARN_64_TO_32_BIT_CONVERSION = YES;
				GCC_WARN_ABOUT_RETURN_TYPE = YES_ERROR;
				GCC_WARN_UNDECLARED_SELECTOR = YES;
				GCC_WARN_UNINITIALIZED_AUTOS = YES_AGGRESSIVE;
				GCC_WARN_UNUSED_FUNCTION = YES;
				GCC_WARN_UNUSED_VARIABLE = YES;
				IPHONEOS_DEPLOYMENT_TARGET = 9.2;
				MTL_ENABLE_DEBUG_INFO = NO;
				SDKROOT = iphoneos;
				TARGETED_DEVICE_FAMILY = "1,2";
				VALIDATE_PRODUCT = YES;
			};
			name = Release;
		};
		BF6BAE541DBFE3EF001FEF06 /* Debug */ = {
			isa = XCBuildConfiguration;
			buildSettings = {
				ASSETCATALOG_COMPILER_APPICON_NAME = AppIcon;
				INFOPLIST_FILE = CardGame/Info.plist;
				LD_RUNPATH_SEARCH_PATHS = "$(inherited) @executable_path/Frameworks";
				PRODUCT_BUNDLE_IDENTIFIER = CTEC.CardGame;
				PRODUCT_NAME = "$(TARGET_NAME)";
			};
			name = Debug;
		};
		BF6BAE551DBFE3EF001FEF06 /* Release */ = {
			isa = XCBuildConfiguration;
			buildSettings = {
				ASSETCATALOG_COMPILER_APPICON_NAME = AppIcon;
				INFOPLIST_FILE = CardGame/Info.plist;
				LD_RUNPATH_SEARCH_PATHS = "$(inherited) @executable_path/Frameworks";
				PRODUCT_BUNDLE_IDENTIFIER = CTEC.CardGame;
				PRODUCT_NAME = "$(TARGET_NAME)";
			};
			name = Release;
		};
/* End XCBuildConfiguration section */

/* Begin XCConfigurationList section */
		BF6BAE3C1DBFE3EF001FEF06 /* Build configuration list for PBXProject "CardGame" */ = {
			isa = XCConfigurationList;
			buildConfigurations = (
				BF6BAE511DBFE3EF001FEF06 /* Debug */,
				BF6BAE521DBFE3EF001FEF06 /* Release */,
			);
			defaultConfigurationIsVisible = 0;
			defaultConfigurationName = Release;
		};
		BF6BAE531DBFE3EF001FEF06 /* Build configuration list for PBXNativeTarget "CardGame" */ = {
			isa = XCConfigurationList;
			buildConfigurations = (
				BF6BAE541DBFE3EF001FEF06 /* Debug */,
				BF6BAE551DBFE3EF001FEF06 /* Release */,
			);
			defaultConfigurationIsVisible = 0;
			defaultConfigurationName = Release;
		};
/* End XCConfigurationList section */
	};
	rootObject = BF6BAE391DBFE3EF001FEF06 /* Project object */;
}
